
Microsoft Visual Studio Solution File, Format Version 12.00
# Visual Studio 14
VisualStudioVersion = 14.0.25420.1
MinimumVisualStudioVersion = 10.0.40219.1
Project("{FAE04EC0-301F-11D3-BF4B-00C04F79EFBC}") = "BeerScheduler", "BeerScheduler\BeerScheduler.csproj", "{06418DC5-590B-4B5C-9C78-975B27AF8A9D}"
EndProject
Project("{FAE04EC0-301F-11D3-BF4B-00C04F79EFBC}") = "BeerScheduler.Tests", "BeerScheduler.Tests\BeerScheduler.Tests.csproj", "{89DAB9DE-457A-4051-9880-0A2185C0025C}"
EndProject
Project("{2150E333-8FDC-42A3-9474-1A3956D46DE8}") = "1.Clients", "1.Clients", "{0FAE2062-5F69-4067-BE45-B0EBA0C97E01}"
EndProject
Project("{2150E333-8FDC-42A3-9474-1A3956D46DE8}") = "2.Managers", "2.Managers", "{7DD30637-0BFC-4722-A34B-DDF937F53C58}"
EndProject
Project("{2150E333-8FDC-42A3-9474-1A3956D46DE8}") = "9.Tests", "9.Tests", "{6E452D4E-75CB-4F37-B7F0-CF2A5CF967F5}"
EndProject
Project("{2150E333-8FDC-42A3-9474-1A3956D46DE8}") = "3.Engines", "3.Engines", "{0DBE08DD-AC03-4A4E-8E2E-4EC89FDB2F59}"
EndProject
Project("{2150E333-8FDC-42A3-9474-1A3956D46DE8}") = "4.Accessors", "4.Accessors", "{6FC419D0-95EC-49CF-B249-9035273660B5}"
EndProject
Project("{2150E333-8FDC-42A3-9474-1A3956D46DE8}") = "5.Shared", "5.Shared", "{F3CD933C-5279-4621-8F0C-101F67DA167E}"
EndProject
Project("{2150E333-8FDC-42A3-9474-1A3956D46DE8}") = "6.Database", "6.Database", "{FEF646AA-C0CD-44AF-B368-90159633E550}"
EndProject
Global
	GlobalSection(SolutionConfigurationPlatforms) = preSolution
		Debug|Any CPU = Debug|Any CPU
		Release|Any CPU = Release|Any CPU
	EndGlobalSection
	GlobalSection(ProjectConfigurationPlatforms) = postSolution
		{06418DC5-590B-4B5C-9C78-975B27AF8A9D}.Debug|Any CPU.ActiveCfg = Debug|Any CPU
		{06418DC5-590B-4B5C-9C78-975B27AF8A9D}.Debug|Any CPU.Build.0 = Debug|Any CPU
		{06418DC5-590B-4B5C-9C78-975B27AF8A9D}.Release|Any CPU.ActiveCfg = Release|Any CPU
		{06418DC5-590B-4B5C-9C78-975B27AF8A9D}.Release|Any CPU.Build.0 = Release|Any CPU
		{89DAB9DE-457A-4051-9880-0A2185C0025C}.Debug|Any CPU.ActiveCfg = Debug|Any CPU
		{89DAB9DE-457A-4051-9880-0A2185C0025C}.Debug|Any CPU.Build.0 = Debug|Any CPU
		{89DAB9DE-457A-4051-9880-0A2185C0025C}.Release|Any CPU.ActiveCfg = Release|Any CPU
		{89DAB9DE-457A-4051-9880-0A2185C0025C}.Release|Any CPU.Build.0 = Release|Any CPU
	EndGlobalSection
	GlobalSection(SolutionProperties) = preSolution
		HideSolutionNode = FALSE
	EndGlobalSection
	GlobalSection(NestedProjects) = preSolution
		{06418DC5-590B-4B5C-9C78-975B27AF8A9D} = {0FAE2062-5F69-4067-BE45-B0EBA0C97E01}
		{89DAB9DE-457A-4051-9880-0A2185C0025C} = {6E452D4E-75CB-4F37-B7F0-CF2A5CF967F5}
	EndGlobalSection
EndGlobal
